
Microsoft Visual Studio Solution File, Format Version 12.00
# Visual Studio Version 16
VisualStudioVersion = 25.0.1703.5
MinimumVisualStudioVersion = 10.0.40219.1
Project("{FAE04EC0-301F-11D3-BF4B-00C04F79EFBC}") = "6PROECT", "6PROECT\6PROECT.csproj", "{006A9B26-5FE6-4F37-BFC8-CB0AB6F36765}"
EndProject
Global
	GlobalSection(SolutionConfigurationPlatforms) = preSolution
		Debug|Any CPU = Debug|Any CPU
		Release|Any CPU = Release|Any CPU
	EndGlobalSection
	GlobalSection(ProjectConfigurationPlatforms) = postSolution
		{006A9B26-5FE6-4F37-BFC8-CB0AB6F36765}.Debug|Any CPU.ActiveCfg = Debug|Any CPU
		{006A9B26-5FE6-4F37-BFC8-CB0AB6F36765}.Debug|Any CPU.Build.0 = Debug|Any CPU
		{006A9B26-5FE6-4F37-BFC8-CB0AB6F36765}.Release|Any CPU.ActiveCfg = Release|Any CPU
		{006A9B26-5FE6-4F37-BFC8-CB0AB6F36765}.Release|Any CPU.Build.0 = Release|Any CPU
	EndGlobalSection
	GlobalSection(SolutionProperties) = preSolution
		HideSolutionNode = FALSE
	EndGlobalSection
	GlobalSection(ExtensibilityGlobals) = postSolution
		SolutionGuid = {0BC354D6-A294-48CC-972F-7886B19D53DE}
	EndGlobalSection
EndGlobal
